{
    "_meta": {
        "hash": {
            "sha256": "c0f3ca930127326bd7757516bde83247bdd245a45d9867fe7b5155197e1d2fec"
        },
        "pipfile-spec": 6,
        "requires": {
            "python_version": "3.9"
        },
        "sources": [
            {
                "name": "pypi",
                "url": "https://pypi.org/simple",
                "verify_ssl": true
            }
        ]
    },
    "default": {
        "certifi": {
            "hashes": [
                "sha256:78884e7c1d4b00ce3cea67b44566851c4343c120abd683433ce934a68ea58872",
                "sha256:d62a0163eb4c2344ac042ab2bdf75399a71a2d8c7d47eac2e2ee91b9d6339569"
            ],
            "version": "==2021.10.8"
        },
        "charset-normalizer": {
            "hashes": [
                "sha256:2857e29ff0d34db842cd7ca3230549d1a697f96ee6d3fb071cfa6c7393832597",
                "sha256:6881edbebdb17b39b4eaaa821b438bf6eddffb4468cf344f09f89def34a8b1df"
            ],
            "markers": "python_version >= '3'",
            "version": "==2.0.12"
        },
        "docutils": {
            "hashes": [
                "sha256:23010f129180089fbcd3bc08cfefccb3b890b0050e1ca00c867036e9d161b98c",
                "sha256:679987caf361a7539d76e584cbeddc311e3aee937877c87346f31debc63e9d06"
            ],
            "markers": "python_version >= '2.7' and python_version not in '3.0, 3.1, 3.2, 3.3, 3.4'",
            "version": "==0.18.1"
        },
        "gitdb": {
            "hashes": [
                "sha256:8033ad4e853066ba6ca92050b9df2f89301b8fc8bf7e9324d412a63f8bf1a8fd",
                "sha256:bac2fd45c0a1c9cf619e63a90d62bdc63892ef92387424b855792a6cabe789aa"
            ],
            "markers": "python_version >= '3.6'",
            "version": "==4.0.9"
        },
        "gitdb2": {
            "hashes": [
                "sha256:0986cb4003de743f2b3aba4c828edd1ab58ce98e1c4a8acf72ef02760d4beb4e",
                "sha256:a1c974e5fab8c2c90192c1367c81cbc54baec04244bda1816e9c8ab377d1cba3"
            ],
            "version": "==4.0.2"
        },
        "gitpython": {
            "hashes": [
                "sha256:5b5b7b29baa27680a7dff85f171a251d48ac37c5f04cba15d381b56991cc7a48"
            ],
            "markers": "python_version >= '3.4'",
            "version": "==3.0.6"
        },
        "idna": {
            "hashes": [
                "sha256:84d9dd047ffa80596e0f246e2eab0b391788b0503584e8945f2368256d2735ff",
                "sha256:9d643ff0a55b762d5cdb124b8eaa99c66322e2157b69160bc32796e824360e6d"
            ],
            "markers": "python_version >= '3'",
            "version": "==3.3"
        },
        "kivy": {
            "hashes": [
                "sha256:1c112bcfaf5caea8648563c7706e038cc51afc8f4b2e7c30088441505c9bd6e5",
                "sha256:222c1cae30a5f85b1ccf6bdab391a2a255a2acb3b891ce04037156109c7856f2",
                "sha256:260f88aff72ba2269e6733598e9081533072769ed0bec2d020a8bd010d1b6751",
                "sha256:2c834e90668b23ed7e4c725aead01b16ed347bc0747b3476d2e9eff5c36ce0a6",
                "sha256:2f7d5c3b71a73a41b73a79f3dd059c2177d0711ddff63292595d8e6204bd8d8a",
                "sha256:38776f17aad1dc93133b997a7492999a1169ab09db56735ee5bfe300e01b01af",
                "sha256:3a16f3ba3b70d5e7943d7ee5c4cbbd52bc4675f38da4bf2b3005c1639d6c04b3",
                "sha256:3f3067ec3cbd8616ce5dbc06a561df4862f8f37b20167885137102eb5254d890",
                "sha256:591e06bc8cb4c71c0eed756fc21491513fd71edfc79b8d5f7b229c5e6930a767",
                "sha256:5936bec77659b7774100094462ee124684235572ddc5177e47f99ec9a9ecba84",
                "sha256:6b0836ff99bce926a1d8ce8335c3ccf80459419fff7e0b0d56b386990a847d6a",
                "sha256:8bc76c8d91d1b57f7d2bc859e66dc0736d42c192600b0077ad6a7d18c2ed922d",
                "sha256:8eca96611980bb5ee4288469653f2d052082e2363df0b5d68c431f21bbc3d069",
                "sha256:a680aae60ecde4dd8657579c1137f581f07ead61699a53311b933aa7361eda40",
                "sha256:c24ca9669e941cb0551a67e23583dbbecff02f4829b3016df85a1a4378a1f854",
                "sha256:d533947bf5126e6c808a994032af4116264fb302b48cfd88312d1750ef5bf236",
                "sha256:ee3427c3bfdbfad07e663cf77db7461eed986e1e8e6995ebb532dc4eb5e13fc2",
                "sha256:eec5c58b82a23c15b70f687f161450a310b0c99075e1e425a00b2e096cec5261",
                "sha256:ef3e59315e10a01a9955e45c5a422f558c7a2495ae2a66c78d68caa6863b1572",
                "sha256:f81618278f18e5a2ba4f7d5d09c231a1d58a89df50f82c5d71f6baf057f4dac3",
                "sha256:fccae9301048e0d1e31443eeb08ab9cd66e91afe59d0474c067f1d838bce04b5"
            ],
            "index": "pypi",
            "version": "==2.1.0"
        },
        "kivy-garden": {
            "hashes": [
                "sha256:9b7d9de5efacbcd0c4b3dd873b30622a86093c9965aa47b523c7a32f3eb34610",
                "sha256:c256f42788421273a08fbb0a228f0fb0e80dd86b629fb8c0920507f645be6c72"
            ],
            "version": "==0.1.4"
        },
        "pygments": {
            "hashes": [
                "sha256:44238f1b60a76d78fc8ca0528ee429702aae011c265fe6a8dd8b63049ae41c65",
                "sha256:4e426f72023d88d03b2fa258de560726ce890ff3b630f88c21cbb8b2503b8c6a"
            ],
            "markers": "python_version >= '3.5'",
            "version": "==2.11.2"
        },
        "requests": {
            "hashes": [
                "sha256:68d7c56fd5a8999887728ef304a6d12edc7be74f1cfa47714fc8b414525c9a61",
                "sha256:f22fa1e554c9ddfd16e6e41ac79759e17be9e492b3587efa038054674760e72d"
            ],
            "markers": "python_version >= '2.7' and python_version not in '3.0, 3.1, 3.2, 3.3, 3.4, 3.5'",
            "version": "==2.27.1"
        },
        "smmap": {
            "hashes": [
                "sha256:2aba19d6a040e78d8b09de5c57e96207b09ed71d8e55ce0959eeee6c8e190d94",
                "sha256:c840e62059cd3be204b0c9c9f74be2c09d5648eddd4580d9314c3ecde0b30936"
            ],
            "markers": "python_version >= '3.6'",
            "version": "==5.0.0"
        },
        "trufflehog": {
            "hashes": [
                "sha256:7f0d09c8cda2a90ae42f81405e5944a3325d90a5842d2dde014471e4d65c71e4",
                "sha256:ac411e29ffac06555cdc40ed1cbff0b3c74cb0ed26af2a0432ed15e61b94e6b5"
            ],
            "index": "pypi",
            "version": "==2.2.1"
        },
        "trufflehogregexes": {
            "hashes": [
                "sha256:627e7cd246153135dea86bacd1253df262c525874f9008395ffe81eb63f92352",
                "sha256:b81dfc60c86c1e353f436a0e201fd88edb72d5a574615a7858485c59edf32405"
            ],
            "version": "==0.0.7"
        },
        "urllib3": {
            "hashes": [
                "sha256:44ece4d53fb1706f667c9bd1c648f5469a2ec925fcf3a776667042d645472c14",
                "sha256:aabaf16477806a5e1dd19aa41f8c2b7950dd3c746362d7e3223dbe6de6ac448e"
            ],
            "markers": "python_version >= '2.7' and python_version not in '3.0, 3.1, 3.2, 3.3, 3.4' and python_version < '4'",
            "version": "==1.26.9"
        }
    },
    "develop": {}
}
